{
  "nodes": {
    "nixpkgs": {
      "locked": {
        "lastModified": 1630927478,
        "narHash": "sha256-y2z+/r1QhRRkPr0Dzl0O7qXdZ0jfr32w7OlfXr2XNik=",
        "owner": "nixos",
        "repo": "nixpkgs",
        "rev": "fd6dba47199a7c249e64c1aa1fef01ee78e58481",
        "type": "github"
      },
      "original": {
        "owner": "nixos",
        "ref": "nixos-21.05",
        "repo": "nixpkgs",
        "type": "github"
      }
    },
    "nixpkgs-unstable": {
      "locked": {
        "lastModified": 1630938467,
        "narHash": "sha256-GiSjPKDmFJPaM10lMWhwOrZViAB2kLX6NsHjRSZ/vWE=",
        "owner": "NixOS",
        "repo": "nixpkgs",
        "rev": "efcfe3676268c789e78a22b20a94c00227d20bc8",
        "type": "github"
      },
      "original": {
        "owner": "NixOS",
        "ref": "nixos-unstable",
        "repo": "nixpkgs",
        "type": "github"
      }
    },
    "root": {
      "inputs": {
        "nixpkgs": "nixpkgs",
        "nixpkgs-unstable": "nixpkgs-unstable"
      }
    }
  },
  "root": "root",
  "version": 7
}
