{
  "nodes": {
    "nixpkgs": {
      "locked": {
        "lastModified": 1626679483,
        "narHash": "sha256-+BziIOkCKGqEvT8Xl59hym6CcB0hakqqxigKSuuBXmM=",
        "owner": "nixos",
        "repo": "nixpkgs",
        "rev": "4181644d09b96af0f92c2f025d3463f9d19c7790",
        "type": "github"
      },
      "original": {
        "owner": "nixos",
        "ref": "nixos-21.05",
        "repo": "nixpkgs",
        "type": "github"
      }
    },
    "nixpkgs-unstable": {
      "locked": {
        "lastModified": 1626643364,
        "narHash": "sha256-RuXbMt9X0j8g4t9i0m85XpbtM0ubzH92zpqZnyfHbG4=",
        "owner": "NixOS",
        "repo": "nixpkgs",
        "rev": "967d40bec14be87262b21ab901dbace23b7365db",
        "type": "github"
      },
      "original": {
        "owner": "NixOS",
        "ref": "nixos-unstable",
        "repo": "nixpkgs",
        "type": "github"
      }
    },
    "root": {
      "inputs": {
        "nixpkgs": "nixpkgs",
        "nixpkgs-unstable": "nixpkgs-unstable"
      }
    }
  },
  "root": "root",
  "version": 7
}
